{
  "name": "@code4z/cobol-dialect-api",
  "version": "1.0.0",
  "lockfileVersion": 2,
  "requires": true,
  "packages": {
    "": {
      "name": "@code4z/cobol-dialect-api",
      "version": "1.0.0",
      "license": "EPL-2.0",
      "devDependencies": {
        "@types/vscode": "^1.74.0",
        "prettier": "2.8.7",
        "typescript": "^4.9.3"
      }
    },
    "node_modules/@types/vscode": {
      "version": "1.77.0",
      "resolved": "https://registry.npmjs.org/@types/vscode/-/vscode-1.77.0.tgz",
      "integrity": "sha512-MWFN5R7a33n8eJZJmdVlifjig3LWUNRrPeO1xemIcZ0ae0TEQuRc7G2xV0LUX78RZFECY1plYBn+dP/Acc3L0Q==",
      "dev": true
    },
    "node_modules/prettier": {
      "version": "2.8.7",
      "resolved": "https://registry.npmjs.org/prettier/-/prettier-2.8.7.tgz",
      "integrity": "sha512-yPngTo3aXUUmyuTjeTUT75txrf+aMh9FiD7q9ZE/i6r0bPb22g4FsE6Y338PQX1bmfy08i9QQCB7/rcUAVntfw==",
      "dev": true,
      "bin": {
        "prettier": "bin-prettier.js"
      },
      "engines": {
        "node": ">=10.13.0"
      },
      "funding": {
        "url": "https://github.com/prettier/prettier?sponsor=1"
      }
    },
    "node_modules/typescript": {
      "version": "4.9.5",
      "resolved": "https://registry.npmjs.org/typescript/-/typescript-4.9.5.tgz",
      "integrity": "sha512-1FXk9E2Hm+QzZQ7z+McJiHL4NW1F2EzMu9Nq9i3zAaGqibafqYwCVU6WyWAuyQRRzOlxou8xZSyXLEN8oKj24g==",
      "dev": true,
      "bin": {
        "tsc": "bin/tsc",
        "tsserver": "bin/tsserver"
      },
      "engines": {
        "node": ">=4.2.0"
      }
    }
  },
  "dependencies": {
    "@types/vscode": {
      "version": "1.77.0",
      "resolved": "https://registry.npmjs.org/@types/vscode/-/vscode-1.77.0.tgz",
      "integrity": "sha512-MWFN5R7a33n8eJZJmdVlifjig3LWUNRrPeO1xemIcZ0ae0TEQuRc7G2xV0LUX78RZFECY1plYBn+dP/Acc3L0Q==",
      "dev": true
    },
    "prettier": {
      "version": "2.8.7",
      "resolved": "https://registry.npmjs.org/prettier/-/prettier-2.8.7.tgz",
      "integrity": "sha512-yPngTo3aXUUmyuTjeTUT75txrf+aMh9FiD7q9ZE/i6r0bPb22g4FsE6Y338PQX1bmfy08i9QQCB7/rcUAVntfw==",
      "dev": true
    },
    "typescript": {
      "version": "4.9.5",
      "resolved": "https://registry.npmjs.org/typescript/-/typescript-4.9.5.tgz",
      "integrity": "sha512-1FXk9E2Hm+QzZQ7z+McJiHL4NW1F2EzMu9Nq9i3zAaGqibafqYwCVU6WyWAuyQRRzOlxou8xZSyXLEN8oKj24g==",
      "dev": true
    }
  }
}
